
Microsoft Visual Studio Solution File, Format Version 12.00
# Visual Studio Version 17
VisualStudioVersion = 17.14.37012.4 d17.14
MinimumVisualStudioVersion = 10.0.40219.1
Project("{FAE04EC0-301F-11D3-BF4B-00C04F79EFBC}") = "Bai6", "Bai6.csproj", "{6E11AAA3-EEAD-451D-B25A-5578EC950BC9}"
EndProject
Global
	GlobalSection(SolutionConfigurationPlatforms) = preSolution
		Debug|Any CPU = Debug|Any CPU
		Release|Any CPU = Release|Any CPU
	EndGlobalSection
	GlobalSection(ProjectConfigurationPlatforms) = postSolution
		{6E11AAA3-EEAD-451D-B25A-5578EC950BC9}.Debug|Any CPU.ActiveCfg = Debug|Any CPU
		{6E11AAA3-EEAD-451D-B25A-5578EC950BC9}.Debug|Any CPU.Build.0 = Debug|Any CPU
		{6E11AAA3-EEAD-451D-B25A-5578EC950BC9}.Release|Any CPU.ActiveCfg = Release|Any CPU
		{6E11AAA3-EEAD-451D-B25A-5578EC950BC9}.Release|Any CPU.Build.0 = Release|Any CPU
	EndGlobalSection
	GlobalSection(SolutionProperties) = preSolution
		HideSolutionNode = FALSE
	EndGlobalSection
	GlobalSection(ExtensibilityGlobals) = postSolution
		SolutionGuid = {C2198599-35C8-4AD5-9661-D9AD08C84491}
	EndGlobalSection
EndGlobal
