
Microsoft Visual Studio Solution File, Format Version 12.00
# Visual Studio Version 17
VisualStudioVersion = 17.14.37012.4 d17.14
MinimumVisualStudioVersion = 10.0.40219.1
Project("{FAE04EC0-301F-11D3-BF4B-00C04F79EFBC}") = "Bai3", "Bai3.csproj", "{78622E11-2365-4620-B833-7A5ACE2FC5A1}"
EndProject
Global
	GlobalSection(SolutionConfigurationPlatforms) = preSolution
		Debug|Any CPU = Debug|Any CPU
		Release|Any CPU = Release|Any CPU
	EndGlobalSection
	GlobalSection(ProjectConfigurationPlatforms) = postSolution
		{78622E11-2365-4620-B833-7A5ACE2FC5A1}.Debug|Any CPU.ActiveCfg = Debug|Any CPU
		{78622E11-2365-4620-B833-7A5ACE2FC5A1}.Debug|Any CPU.Build.0 = Debug|Any CPU
		{78622E11-2365-4620-B833-7A5ACE2FC5A1}.Release|Any CPU.ActiveCfg = Release|Any CPU
		{78622E11-2365-4620-B833-7A5ACE2FC5A1}.Release|Any CPU.Build.0 = Release|Any CPU
	EndGlobalSection
	GlobalSection(SolutionProperties) = preSolution
		HideSolutionNode = FALSE
	EndGlobalSection
	GlobalSection(ExtensibilityGlobals) = postSolution
		SolutionGuid = {9E030A8D-91FB-424C-AE83-606A48EAC5D9}
	EndGlobalSection
EndGlobal
