
Microsoft Visual Studio Solution File, Format Version 12.00
# Visual Studio Version 17
VisualStudioVersion = 17.14.37012.4 d17.14
MinimumVisualStudioVersion = 10.0.40219.1
Project("{FAE04EC0-301F-11D3-BF4B-00C04F79EFBC}") = "Bai11", "Bai11.csproj", "{D2336367-F76D-49E6-8A42-D1A6796CF615}"
EndProject
Global
	GlobalSection(SolutionConfigurationPlatforms) = preSolution
		Debug|Any CPU = Debug|Any CPU
		Release|Any CPU = Release|Any CPU
	EndGlobalSection
	GlobalSection(ProjectConfigurationPlatforms) = postSolution
		{D2336367-F76D-49E6-8A42-D1A6796CF615}.Debug|Any CPU.ActiveCfg = Debug|Any CPU
		{D2336367-F76D-49E6-8A42-D1A6796CF615}.Debug|Any CPU.Build.0 = Debug|Any CPU
		{D2336367-F76D-49E6-8A42-D1A6796CF615}.Release|Any CPU.ActiveCfg = Release|Any CPU
		{D2336367-F76D-49E6-8A42-D1A6796CF615}.Release|Any CPU.Build.0 = Release|Any CPU
	EndGlobalSection
	GlobalSection(SolutionProperties) = preSolution
		HideSolutionNode = FALSE
	EndGlobalSection
	GlobalSection(ExtensibilityGlobals) = postSolution
		SolutionGuid = {B99E7549-B88A-40A5-B374-2FEB2DDB6E4F}
	EndGlobalSection
EndGlobal
