
Microsoft Visual Studio Solution File, Format Version 12.00
# Visual Studio Version 17
VisualStudioVersion = 17.14.37012.4 d17.14
MinimumVisualStudioVersion = 10.0.40219.1
Project("{FAE04EC0-301F-11D3-BF4B-00C04F79EFBC}") = "Bai18", "Bai18.csproj", "{12A8BBC3-FD53-4A05-B1B3-84FCCC20CAC0}"
EndProject
Global
	GlobalSection(SolutionConfigurationPlatforms) = preSolution
		Debug|Any CPU = Debug|Any CPU
		Release|Any CPU = Release|Any CPU
	EndGlobalSection
	GlobalSection(ProjectConfigurationPlatforms) = postSolution
		{12A8BBC3-FD53-4A05-B1B3-84FCCC20CAC0}.Debug|Any CPU.ActiveCfg = Debug|Any CPU
		{12A8BBC3-FD53-4A05-B1B3-84FCCC20CAC0}.Debug|Any CPU.Build.0 = Debug|Any CPU
		{12A8BBC3-FD53-4A05-B1B3-84FCCC20CAC0}.Release|Any CPU.ActiveCfg = Release|Any CPU
		{12A8BBC3-FD53-4A05-B1B3-84FCCC20CAC0}.Release|Any CPU.Build.0 = Release|Any CPU
	EndGlobalSection
	GlobalSection(SolutionProperties) = preSolution
		HideSolutionNode = FALSE
	EndGlobalSection
	GlobalSection(ExtensibilityGlobals) = postSolution
		SolutionGuid = {F455908F-8139-4C9B-9053-6DC5237369B2}
	EndGlobalSection
EndGlobal
