
Microsoft Visual Studio Solution File, Format Version 12.00
# Visual Studio Version 17
VisualStudioVersion = 17.14.37012.4 d17.14
MinimumVisualStudioVersion = 10.0.40219.1
Project("{FAE04EC0-301F-11D3-BF4B-00C04F79EFBC}") = "Bai4", "Bai4.csproj", "{A8BD83BC-EFAB-4094-8C85-8C8F28653409}"
EndProject
Global
	GlobalSection(SolutionConfigurationPlatforms) = preSolution
		Debug|Any CPU = Debug|Any CPU
		Release|Any CPU = Release|Any CPU
	EndGlobalSection
	GlobalSection(ProjectConfigurationPlatforms) = postSolution
		{A8BD83BC-EFAB-4094-8C85-8C8F28653409}.Debug|Any CPU.ActiveCfg = Debug|Any CPU
		{A8BD83BC-EFAB-4094-8C85-8C8F28653409}.Debug|Any CPU.Build.0 = Debug|Any CPU
		{A8BD83BC-EFAB-4094-8C85-8C8F28653409}.Release|Any CPU.ActiveCfg = Release|Any CPU
		{A8BD83BC-EFAB-4094-8C85-8C8F28653409}.Release|Any CPU.Build.0 = Release|Any CPU
	EndGlobalSection
	GlobalSection(SolutionProperties) = preSolution
		HideSolutionNode = FALSE
	EndGlobalSection
	GlobalSection(ExtensibilityGlobals) = postSolution
		SolutionGuid = {87D8F8D9-62E1-4791-AE25-1E20B99FBDE9}
	EndGlobalSection
EndGlobal
