
Microsoft Visual Studio Solution File, Format Version 12.00
# Visual Studio Version 17
VisualStudioVersion = 17.14.37012.4 d17.14
MinimumVisualStudioVersion = 10.0.40219.1
Project("{FAE04EC0-301F-11D3-BF4B-00C04F79EFBC}") = "Bai20", "Bai20.csproj", "{DAA07C69-56AA-4EE9-87F9-659AEAF3C5B4}"
EndProject
Global
	GlobalSection(SolutionConfigurationPlatforms) = preSolution
		Debug|Any CPU = Debug|Any CPU
		Release|Any CPU = Release|Any CPU
	EndGlobalSection
	GlobalSection(ProjectConfigurationPlatforms) = postSolution
		{DAA07C69-56AA-4EE9-87F9-659AEAF3C5B4}.Debug|Any CPU.ActiveCfg = Debug|Any CPU
		{DAA07C69-56AA-4EE9-87F9-659AEAF3C5B4}.Debug|Any CPU.Build.0 = Debug|Any CPU
		{DAA07C69-56AA-4EE9-87F9-659AEAF3C5B4}.Release|Any CPU.ActiveCfg = Release|Any CPU
		{DAA07C69-56AA-4EE9-87F9-659AEAF3C5B4}.Release|Any CPU.Build.0 = Release|Any CPU
	EndGlobalSection
	GlobalSection(SolutionProperties) = preSolution
		HideSolutionNode = FALSE
	EndGlobalSection
	GlobalSection(ExtensibilityGlobals) = postSolution
		SolutionGuid = {99BC8746-5926-42AE-89C9-284C9B171362}
	EndGlobalSection
EndGlobal
