
Microsoft Visual Studio Solution File, Format Version 12.00
# Visual Studio Version 17
VisualStudioVersion = 17.14.37012.4 d17.14
MinimumVisualStudioVersion = 10.0.40219.1
Project("{FAE04EC0-301F-11D3-BF4B-00C04F79EFBC}") = "Bai10", "Bai10.csproj", "{EBACA420-5D89-489C-97FF-7BC3E238560D}"
EndProject
Global
	GlobalSection(SolutionConfigurationPlatforms) = preSolution
		Debug|Any CPU = Debug|Any CPU
		Release|Any CPU = Release|Any CPU
	EndGlobalSection
	GlobalSection(ProjectConfigurationPlatforms) = postSolution
		{EBACA420-5D89-489C-97FF-7BC3E238560D}.Debug|Any CPU.ActiveCfg = Debug|Any CPU
		{EBACA420-5D89-489C-97FF-7BC3E238560D}.Debug|Any CPU.Build.0 = Debug|Any CPU
		{EBACA420-5D89-489C-97FF-7BC3E238560D}.Release|Any CPU.ActiveCfg = Release|Any CPU
		{EBACA420-5D89-489C-97FF-7BC3E238560D}.Release|Any CPU.Build.0 = Release|Any CPU
	EndGlobalSection
	GlobalSection(SolutionProperties) = preSolution
		HideSolutionNode = FALSE
	EndGlobalSection
	GlobalSection(ExtensibilityGlobals) = postSolution
		SolutionGuid = {C5F8CCA9-DC5F-4130-B1A6-AFDD8244A18E}
	EndGlobalSection
EndGlobal
